{
    "_readme": [
        "This file locks the dependencies of your project to a known state",
        "Read more about it at https://getcomposer.org/doc/01-basic-usage.md#installing-dependencies",
        "This file is @generated automatically"
    ],
    "content-hash": "93f544aef8250d1f8129d29a40f39501",
    "packages": [
        {
            "name": "stefangabos/zebra_pagination",
            "version": "2.3.1",
            "source": {
                "type": "git",
                "url": "https://github.com/stefangabos/Zebra_Pagination.git",
                "reference": "4a003961cfb21c628a299cefee070f15ed504e67"
            },
            "dist": {
                "type": "zip",
                "url": "https://api.github.com/repos/stefangabos/Zebra_Pagination/zipball/4a003961cfb21c628a299cefee070f15ed504e67",
                "reference": "4a003961cfb21c628a299cefee070f15ed504e67",
                "shasum": ""
            },
            "require": {
                "php": ">=5"
            },
            "type": "library",
            "autoload": {
                "classmap": [
                    "Zebra_Pagination.php"
                ]
            },
            "notification-url": "https://packagist.org/downloads/",
            "license": [
                "LGPL-3.0"
            ],
            "authors": [
                {
                    "name": "Stefan Gabos",
                    "email": "contact@stefangabos.ro",
                    "homepage": "https://github.com/stefangabos",
                    "role": "Developer"
                }
            ],
            "description": "A generic, Twitter Bootsrap compatible, PHP pagination library that automatically generates navigation links",
            "homepage": "https://github.com/stefangabos/Zebra_Pagination",
            "keywords": [
                "paginate",
                "pagination",
                "paginator",
                "paging",
                "php"
            ],
            "time": "2018-07-04T21:02:46+00:00"
        }
    ],
    "packages-dev": [],
    "aliases": [],
    "minimum-stability": "stable",
    "stability-flags": [],
    "prefer-stable": false,
    "prefer-lowest": false,
    "platform": [],
    "platform-dev": []
}
